
Microsoft Visual Studio Solution File, Format Version 12.00
# Visual Studio Version 16
VisualStudioVersion = 16.0.29318.209
MinimumVisualStudioVersion = 10.0.40219.1
Project("{2150E333-8FDC-42A3-9474-1A3956D46DE8}") = "Strategy", "Strategy", "{6E1A4A36-642C-403B-A13E-8B1DAD0516D7}"
EndProject
Project("{FAE04EC0-301F-11D3-BF4B-00C04F79EFBC}") = "Calcula.Imposto", "Calcula.Imposto\Calcula.Imposto.csproj", "{B92C814D-9135-4A7E-BD50-6A83F302E68F}"
EndProject
Global
	GlobalSection(SolutionConfigurationPlatforms) = preSolution
		Debug|Any CPU = Debug|Any CPU
		Release|Any CPU = Release|Any CPU
	EndGlobalSection
	GlobalSection(ProjectConfigurationPlatforms) = postSolution
		{B92C814D-9135-4A7E-BD50-6A83F302E68F}.Debug|Any CPU.ActiveCfg = Debug|Any CPU
		{B92C814D-9135-4A7E-BD50-6A83F302E68F}.Debug|Any CPU.Build.0 = Debug|Any CPU
		{B92C814D-9135-4A7E-BD50-6A83F302E68F}.Release|Any CPU.ActiveCfg = Release|Any CPU
		{B92C814D-9135-4A7E-BD50-6A83F302E68F}.Release|Any CPU.Build.0 = Release|Any CPU
	EndGlobalSection
	GlobalSection(SolutionProperties) = preSolution
		HideSolutionNode = FALSE
	EndGlobalSection
	GlobalSection(NestedProjects) = preSolution
		{B92C814D-9135-4A7E-BD50-6A83F302E68F} = {6E1A4A36-642C-403B-A13E-8B1DAD0516D7}
	EndGlobalSection
	GlobalSection(ExtensibilityGlobals) = postSolution
		SolutionGuid = {BFDE4B8F-CF0F-487A-BFF5-976AD7E6C25F}
	EndGlobalSection
EndGlobal
